
Microsoft Visual Studio Solution File, Format Version 12.00
# Visual Studio Version 17
VisualStudioVersion = 17.8.34309.116
MinimumVisualStudioVersion = 10.0.40219.1
Project("{FAE04EC0-301F-11D3-BF4B-00C04F79EFBC}") = "FactoryMethod", "FactoryMethod.csproj", "{5F4A3A0A-D430-4AF7-8B38-E29350576FD3}"
EndProject
Project("{FAE04EC0-301F-11D3-BF4B-00C04F79EFBC}") = "AbstractFactory", "..\AbstractFactory\AbstractFactory.csproj", "{3068BC93-6C57-434B-BDAF-088391741D93}"
EndProject
Global
	GlobalSection(SolutionConfigurationPlatforms) = preSolution
		Debug|Any CPU = Debug|Any CPU
		Release|Any CPU = Release|Any CPU
	EndGlobalSection
	GlobalSection(ProjectConfigurationPlatforms) = postSolution
		{5F4A3A0A-D430-4AF7-8B38-E29350576FD3}.Debug|Any CPU.ActiveCfg = Debug|Any CPU
		{5F4A3A0A-D430-4AF7-8B38-E29350576FD3}.Debug|Any CPU.Build.0 = Debug|Any CPU
		{5F4A3A0A-D430-4AF7-8B38-E29350576FD3}.Release|Any CPU.ActiveCfg = Release|Any CPU
		{5F4A3A0A-D430-4AF7-8B38-E29350576FD3}.Release|Any CPU.Build.0 = Release|Any CPU
		{3068BC93-6C57-434B-BDAF-088391741D93}.Debug|Any CPU.ActiveCfg = Debug|Any CPU
		{3068BC93-6C57-434B-BDAF-088391741D93}.Debug|Any CPU.Build.0 = Debug|Any CPU
		{3068BC93-6C57-434B-BDAF-088391741D93}.Release|Any CPU.ActiveCfg = Release|Any CPU
		{3068BC93-6C57-434B-BDAF-088391741D93}.Release|Any CPU.Build.0 = Release|Any CPU
	EndGlobalSection
	GlobalSection(SolutionProperties) = preSolution
		HideSolutionNode = FALSE
	EndGlobalSection
	GlobalSection(ExtensibilityGlobals) = postSolution
		SolutionGuid = {6213A056-53B4-4924-B3F5-A9E2323C9089}
	EndGlobalSection
EndGlobal
